
Microsoft Visual Studio Solution File, Format Version 12.00
# Visual Studio Version 16
VisualStudioVersion = 16.0.31025.194
MinimumVisualStudioVersion = 10.0.40219.1
Project("{FAE04EC0-301F-11D3-BF4B-00C04F79EFBC}") = "4_2", "4_2\4_2.csproj", "{1F4ED02A-6F03-45B7-8A6E-551610608674}"
EndProject
Global
	GlobalSection(SolutionConfigurationPlatforms) = preSolution
		Debug|Any CPU = Debug|Any CPU
		Release|Any CPU = Release|Any CPU
	EndGlobalSection
	GlobalSection(ProjectConfigurationPlatforms) = postSolution
		{1F4ED02A-6F03-45B7-8A6E-551610608674}.Debug|Any CPU.ActiveCfg = Debug|Any CPU
		{1F4ED02A-6F03-45B7-8A6E-551610608674}.Debug|Any CPU.Build.0 = Debug|Any CPU
		{1F4ED02A-6F03-45B7-8A6E-551610608674}.Release|Any CPU.ActiveCfg = Release|Any CPU
		{1F4ED02A-6F03-45B7-8A6E-551610608674}.Release|Any CPU.Build.0 = Release|Any CPU
	EndGlobalSection
	GlobalSection(SolutionProperties) = preSolution
		HideSolutionNode = FALSE
	EndGlobalSection
	GlobalSection(ExtensibilityGlobals) = postSolution
		SolutionGuid = {D3F5FE35-9CA1-4FA5-9071-3DB9A20673FB}
	EndGlobalSection
EndGlobal
